
Microsoft Visual Studio Solution File, Format Version 12.00
# Visual Studio Version 17
VisualStudioVersion = 17.6.33712.159
MinimumVisualStudioVersion = 10.0.40219.1
Project("{2150E333-8FDC-42A3-9474-1A3956D46DE8}") = "src", "src", "{428C54A8-1D13-40B9-B9B7-23B52A38F92D}"
EndProject
Project("{2150E333-8FDC-42A3-9474-1A3956D46DE8}") = ".solution", ".solution", "{836E2035-43D2-4C3D-8031-D4F1E12F1748}"
	ProjectSection(SolutionItems) = preProject
		.gitignore = .gitignore
		LICENSE = LICENSE
		README.md = README.md
	EndProjectSection
EndProject
Project("{2150E333-8FDC-42A3-9474-1A3956D46DE8}") = "test", "test", "{20A19668-38C4-49D8-8498-96B692955072}"
EndProject
Project("{9A19103F-16F7-4668-BE54-9A1E7A4F7556}") = "MicroFx", "src\MicroFx\MicroFx.csproj", "{A02C1E77-E7F9-4BF5-8372-3BBCC110655B}"
EndProject
Project("{9A19103F-16F7-4668-BE54-9A1E7A4F7556}") = "MicroFx.Tests", "test\MicroFx.Tests\MicroFx.Tests.csproj", "{B1684EF5-A37A-42C3-B44E-B55DC035B322}"
EndProject
Project("{2150E333-8FDC-42A3-9474-1A3956D46DE8}") = ".github", ".github", "{067F0714-9510-425B-8C55-8BE9EDDF36EA}"
	ProjectSection(SolutionItems) = preProject
		.github\workflows\master.yml = .github\workflows\master.yml
	EndProjectSection
EndProject
Project("{FAE04EC0-301F-11D3-BF4B-00C04F79EFBC}") = "MicroFx.Host.Service", "src\MicroFx.Host.Service\MicroFx.Host.Service.csproj", "{0094B9F1-CA10-43B4-8397-C435CCCBED61}"
EndProject
Project("{FAE04EC0-301F-11D3-BF4B-00C04F79EFBC}") = "MicroFx.Host.Service.E2E.Tests", "test\MicroFx.Host.Service.E2E.Tests\MicroFx.Host.Service.E2E.Tests.csproj", "{955EB936-0929-46C1-A6D6-65BE8D4851FB}"
EndProject
Project("{FAE04EC0-301F-11D3-BF4B-00C04F79EFBC}") = "MicroFx.Messaging.RabbitMq", "src\MicroFx.Messaging.RabbitMq\MicroFx.Messaging.RabbitMq.csproj", "{02F19DCF-517C-47E7-8570-0B4CB3821C73}"
EndProject
Project("{FAE04EC0-301F-11D3-BF4B-00C04F79EFBC}") = "MicroFx.Analyzers", "src\MicroFx.Analyzers\MicroFx.Analyzers.csproj", "{AAADAF6D-BF9C-4476-97B1-9B0DD94344FF}"
EndProject
Project("{FAE04EC0-301F-11D3-BF4B-00C04F79EFBC}") = "MicroFx.Messaging.RabbitMq.Tests", "test\MicroFx.Messaging.RabbitMq.Tests\MicroFx.Messaging.RabbitMq.Tests.csproj", "{4EB2082E-DA25-4537-A8EA-FFEEE8DE670B}"
EndProject
Global
	GlobalSection(SolutionConfigurationPlatforms) = preSolution
		Debug|Any CPU = Debug|Any CPU
		Debug|x64 = Debug|x64
		Debug|x86 = Debug|x86
		Release|Any CPU = Release|Any CPU
		Release|x64 = Release|x64
		Release|x86 = Release|x86
	EndGlobalSection
	GlobalSection(ProjectConfigurationPlatforms) = postSolution
		{A02C1E77-E7F9-4BF5-8372-3BBCC110655B}.Debug|Any CPU.ActiveCfg = Debug|Any CPU
		{A02C1E77-E7F9-4BF5-8372-3BBCC110655B}.Debug|Any CPU.Build.0 = Debug|Any CPU
		{A02C1E77-E7F9-4BF5-8372-3BBCC110655B}.Debug|x64.ActiveCfg = Debug|Any CPU
		{A02C1E77-E7F9-4BF5-8372-3BBCC110655B}.Debug|x64.Build.0 = Debug|Any CPU
		{A02C1E77-E7F9-4BF5-8372-3BBCC110655B}.Debug|x86.ActiveCfg = Debug|Any CPU
		{A02C1E77-E7F9-4BF5-8372-3BBCC110655B}.Debug|x86.Build.0 = Debug|Any CPU
		{A02C1E77-E7F9-4BF5-8372-3BBCC110655B}.Release|Any CPU.ActiveCfg = Release|Any CPU
		{A02C1E77-E7F9-4BF5-8372-3BBCC110655B}.Release|Any CPU.Build.0 = Release|Any CPU
		{A02C1E77-E7F9-4BF5-8372-3BBCC110655B}.Release|x64.ActiveCfg = Release|Any CPU
		{A02C1E77-E7F9-4BF5-8372-3BBCC110655B}.Release|x64.Build.0 = Release|Any CPU
		{A02C1E77-E7F9-4BF5-8372-3BBCC110655B}.Release|x86.ActiveCfg = Release|Any CPU
		{A02C1E77-E7F9-4BF5-8372-3BBCC110655B}.Release|x86.Build.0 = Release|Any CPU
		{B1684EF5-A37A-42C3-B44E-B55DC035B322}.Debug|Any CPU.ActiveCfg = Debug|Any CPU
		{B1684EF5-A37A-42C3-B44E-B55DC035B322}.Debug|Any CPU.Build.0 = Debug|Any CPU
		{B1684EF5-A37A-42C3-B44E-B55DC035B322}.Debug|x64.ActiveCfg = Debug|Any CPU
		{B1684EF5-A37A-42C3-B44E-B55DC035B322}.Debug|x64.Build.0 = Debug|Any CPU
		{B1684EF5-A37A-42C3-B44E-B55DC035B322}.Debug|x86.ActiveCfg = Debug|Any CPU
		{B1684EF5-A37A-42C3-B44E-B55DC035B322}.Debug|x86.Build.0 = Debug|Any CPU
		{B1684EF5-A37A-42C3-B44E-B55DC035B322}.Release|Any CPU.ActiveCfg = Release|Any CPU
		{B1684EF5-A37A-42C3-B44E-B55DC035B322}.Release|Any CPU.Build.0 = Release|Any CPU
		{B1684EF5-A37A-42C3-B44E-B55DC035B322}.Release|x64.ActiveCfg = Release|Any CPU
		{B1684EF5-A37A-42C3-B44E-B55DC035B322}.Release|x64.Build.0 = Release|Any CPU
		{B1684EF5-A37A-42C3-B44E-B55DC035B322}.Release|x86.ActiveCfg = Release|Any CPU
		{B1684EF5-A37A-42C3-B44E-B55DC035B322}.Release|x86.Build.0 = Release|Any CPU
		{0094B9F1-CA10-43B4-8397-C435CCCBED61}.Debug|Any CPU.ActiveCfg = Debug|Any CPU
		{0094B9F1-CA10-43B4-8397-C435CCCBED61}.Debug|Any CPU.Build.0 = Debug|Any CPU
		{0094B9F1-CA10-43B4-8397-C435CCCBED61}.Debug|x64.ActiveCfg = Debug|Any CPU
		{0094B9F1-CA10-43B4-8397-C435CCCBED61}.Debug|x64.Build.0 = Debug|Any CPU
		{0094B9F1-CA10-43B4-8397-C435CCCBED61}.Debug|x86.ActiveCfg = Debug|Any CPU
		{0094B9F1-CA10-43B4-8397-C435CCCBED61}.Debug|x86.Build.0 = Debug|Any CPU
		{0094B9F1-CA10-43B4-8397-C435CCCBED61}.Release|Any CPU.ActiveCfg = Release|Any CPU
		{0094B9F1-CA10-43B4-8397-C435CCCBED61}.Release|Any CPU.Build.0 = Release|Any CPU
		{0094B9F1-CA10-43B4-8397-C435CCCBED61}.Release|x64.ActiveCfg = Release|Any CPU
		{0094B9F1-CA10-43B4-8397-C435CCCBED61}.Release|x64.Build.0 = Release|Any CPU
		{0094B9F1-CA10-43B4-8397-C435CCCBED61}.Release|x86.ActiveCfg = Release|Any CPU
		{0094B9F1-CA10-43B4-8397-C435CCCBED61}.Release|x86.Build.0 = Release|Any CPU
		{955EB936-0929-46C1-A6D6-65BE8D4851FB}.Debug|Any CPU.ActiveCfg = Debug|Any CPU
		{955EB936-0929-46C1-A6D6-65BE8D4851FB}.Debug|Any CPU.Build.0 = Debug|Any CPU
		{955EB936-0929-46C1-A6D6-65BE8D4851FB}.Debug|x64.ActiveCfg = Debug|Any CPU
		{955EB936-0929-46C1-A6D6-65BE8D4851FB}.Debug|x64.Build.0 = Debug|Any CPU
		{955EB936-0929-46C1-A6D6-65BE8D4851FB}.Debug|x86.ActiveCfg = Debug|Any CPU
		{955EB936-0929-46C1-A6D6-65BE8D4851FB}.Debug|x86.Build.0 = Debug|Any CPU
		{955EB936-0929-46C1-A6D6-65BE8D4851FB}.Release|Any CPU.ActiveCfg = Release|Any CPU
		{955EB936-0929-46C1-A6D6-65BE8D4851FB}.Release|Any CPU.Build.0 = Release|Any CPU
		{955EB936-0929-46C1-A6D6-65BE8D4851FB}.Release|x64.ActiveCfg = Release|Any CPU
		{955EB936-0929-46C1-A6D6-65BE8D4851FB}.Release|x64.Build.0 = Release|Any CPU
		{955EB936-0929-46C1-A6D6-65BE8D4851FB}.Release|x86.ActiveCfg = Release|Any CPU
		{955EB936-0929-46C1-A6D6-65BE8D4851FB}.Release|x86.Build.0 = Release|Any CPU
		{02F19DCF-517C-47E7-8570-0B4CB3821C73}.Debug|Any CPU.ActiveCfg = Debug|Any CPU
		{02F19DCF-517C-47E7-8570-0B4CB3821C73}.Debug|Any CPU.Build.0 = Debug|Any CPU
		{02F19DCF-517C-47E7-8570-0B4CB3821C73}.Debug|x64.ActiveCfg = Debug|Any CPU
		{02F19DCF-517C-47E7-8570-0B4CB3821C73}.Debug|x64.Build.0 = Debug|Any CPU
		{02F19DCF-517C-47E7-8570-0B4CB3821C73}.Debug|x86.ActiveCfg = Debug|Any CPU
		{02F19DCF-517C-47E7-8570-0B4CB3821C73}.Debug|x86.Build.0 = Debug|Any CPU
		{02F19DCF-517C-47E7-8570-0B4CB3821C73}.Release|Any CPU.ActiveCfg = Release|Any CPU
		{02F19DCF-517C-47E7-8570-0B4CB3821C73}.Release|Any CPU.Build.0 = Release|Any CPU
		{02F19DCF-517C-47E7-8570-0B4CB3821C73}.Release|x64.ActiveCfg = Release|Any CPU
		{02F19DCF-517C-47E7-8570-0B4CB3821C73}.Release|x64.Build.0 = Release|Any CPU
		{02F19DCF-517C-47E7-8570-0B4CB3821C73}.Release|x86.ActiveCfg = Release|Any CPU
		{02F19DCF-517C-47E7-8570-0B4CB3821C73}.Release|x86.Build.0 = Release|Any CPU
		{AAADAF6D-BF9C-4476-97B1-9B0DD94344FF}.Debug|Any CPU.ActiveCfg = Debug|Any CPU
		{AAADAF6D-BF9C-4476-97B1-9B0DD94344FF}.Debug|Any CPU.Build.0 = Debug|Any CPU
		{AAADAF6D-BF9C-4476-97B1-9B0DD94344FF}.Debug|x64.ActiveCfg = Debug|Any CPU
		{AAADAF6D-BF9C-4476-97B1-9B0DD94344FF}.Debug|x64.Build.0 = Debug|Any CPU
		{AAADAF6D-BF9C-4476-97B1-9B0DD94344FF}.Debug|x86.ActiveCfg = Debug|Any CPU
		{AAADAF6D-BF9C-4476-97B1-9B0DD94344FF}.Debug|x86.Build.0 = Debug|Any CPU
		{AAADAF6D-BF9C-4476-97B1-9B0DD94344FF}.Release|Any CPU.ActiveCfg = Release|Any CPU
		{AAADAF6D-BF9C-4476-97B1-9B0DD94344FF}.Release|Any CPU.Build.0 = Release|Any CPU
		{AAADAF6D-BF9C-4476-97B1-9B0DD94344FF}.Release|x64.ActiveCfg = Release|Any CPU
		{AAADAF6D-BF9C-4476-97B1-9B0DD94344FF}.Release|x64.Build.0 = Release|Any CPU
		{AAADAF6D-BF9C-4476-97B1-9B0DD94344FF}.Release|x86.ActiveCfg = Release|Any CPU
		{AAADAF6D-BF9C-4476-97B1-9B0DD94344FF}.Release|x86.Build.0 = Release|Any CPU
		{4EB2082E-DA25-4537-A8EA-FFEEE8DE670B}.Debug|Any CPU.ActiveCfg = Debug|Any CPU
		{4EB2082E-DA25-4537-A8EA-FFEEE8DE670B}.Debug|Any CPU.Build.0 = Debug|Any CPU
		{4EB2082E-DA25-4537-A8EA-FFEEE8DE670B}.Debug|x64.ActiveCfg = Debug|Any CPU
		{4EB2082E-DA25-4537-A8EA-FFEEE8DE670B}.Debug|x64.Build.0 = Debug|Any CPU
		{4EB2082E-DA25-4537-A8EA-FFEEE8DE670B}.Debug|x86.ActiveCfg = Debug|Any CPU
		{4EB2082E-DA25-4537-A8EA-FFEEE8DE670B}.Debug|x86.Build.0 = Debug|Any CPU
		{4EB2082E-DA25-4537-A8EA-FFEEE8DE670B}.Release|Any CPU.ActiveCfg = Release|Any CPU
		{4EB2082E-DA25-4537-A8EA-FFEEE8DE670B}.Release|Any CPU.Build.0 = Release|Any CPU
		{4EB2082E-DA25-4537-A8EA-FFEEE8DE670B}.Release|x64.ActiveCfg = Release|Any CPU
		{4EB2082E-DA25-4537-A8EA-FFEEE8DE670B}.Release|x64.Build.0 = Release|Any CPU
		{4EB2082E-DA25-4537-A8EA-FFEEE8DE670B}.Release|x86.ActiveCfg = Release|Any CPU
		{4EB2082E-DA25-4537-A8EA-FFEEE8DE670B}.Release|x86.Build.0 = Release|Any CPU
	EndGlobalSection
	GlobalSection(SolutionProperties) = preSolution
		HideSolutionNode = FALSE
	EndGlobalSection
	GlobalSection(NestedProjects) = preSolution
		{A02C1E77-E7F9-4BF5-8372-3BBCC110655B} = {428C54A8-1D13-40B9-B9B7-23B52A38F92D}
		{B1684EF5-A37A-42C3-B44E-B55DC035B322} = {20A19668-38C4-49D8-8498-96B692955072}
		{067F0714-9510-425B-8C55-8BE9EDDF36EA} = {836E2035-43D2-4C3D-8031-D4F1E12F1748}
		{0094B9F1-CA10-43B4-8397-C435CCCBED61} = {428C54A8-1D13-40B9-B9B7-23B52A38F92D}
		{955EB936-0929-46C1-A6D6-65BE8D4851FB} = {20A19668-38C4-49D8-8498-96B692955072}
		{02F19DCF-517C-47E7-8570-0B4CB3821C73} = {428C54A8-1D13-40B9-B9B7-23B52A38F92D}
		{AAADAF6D-BF9C-4476-97B1-9B0DD94344FF} = {428C54A8-1D13-40B9-B9B7-23B52A38F92D}
		{4EB2082E-DA25-4537-A8EA-FFEEE8DE670B} = {20A19668-38C4-49D8-8498-96B692955072}
	EndGlobalSection
	GlobalSection(ExtensibilityGlobals) = postSolution
		SolutionGuid = {A8A9F502-B291-42C3-BBAA-7EAF3B394022}
	EndGlobalSection
EndGlobal
